// !$*UTF8*$!
{
	archiveVersion = 1;
	classes = {
	};
	objectVersion = 46;
	objects = {

/* Begin PBXBuildFile section */
		8B59ED5618C6F3BF006E7D4A /* KLFileManage.m in Sources */ = {isa = PBXBuildFile; fileRef = 8B59ED5518C6F3BF006E7D4A /* KLFileManage.m */; };
		8B5ED4BB18BDDC41007E3CE4 /* KLDModel.m in Sources */ = {isa = PBXBuildFile; fileRef = 8B5ED4BA18BDDC41007E3CE4 /* KLDModel.m */; };
		8BA7C71818B4613700805647 /* KLDownloadViewController.m in Sources */ = {isa = PBXBuildFile; fileRef = 8BA7C71618B4613700805647 /* KLDownloadViewController.m */; };
		8BA7C71918B4613700805647 /* KLDownloadViewController.xib in Resources */ = {isa = PBXBuildFile; fileRef = 8BA7C71718B4613700805647 /* KLDownloadViewController.xib */; };
		8BABB48A18C56B0600464215 /* KLDownloadManage.m in Sources */ = {isa = PBXBuildFile; fileRef = 8BABB47E18C56B0600464215 /* KLDownloadManage.m */; };
		8BABB48C18C56B0600464215 /* KLModelBase.m in Sources */ = {isa = PBXBuildFile; fileRef = 8BABB48218C56B0600464215 /* KLModelBase.m */; };
		8BABB48D18C56B0600464215 /* KLEXTINF.m in Sources */ = {isa = PBXBuildFile; fileRef = 8BABB48518C56B0600464215 /* KLEXTINF.m */; };
		8BABB48E18C56B0600464215 /* KLEXTxKey.m in Sources */ = {isa = PBXBuildFile; fileRef = 8BABB48718C56B0600464215 /* KLEXTxKey.m */; };
		8BABB48F18C56B0600464215 /* KLM3U8.m in Sources */ = {isa = PBXBuildFile; fileRef = 8BABB48918C56B0600464215 /* KLM3U8.m */; };
		8BC2609018ADA89700268199 /* libz.1.2.5.dylib in Frameworks */ = {isa = PBXBuildFile; fileRef = 8BC2608F18ADA89700268199 /* libz.1.2.5.dylib */; };
		8BC2609718ADA97B00268199 /* KLRootViewController.m in Sources */ = {isa = PBXBuildFile; fileRef = 8BC2609518ADA97B00268199 /* KLRootViewController.m */; };
		8BC2609818ADA97B00268199 /* KLRootViewController.xib in Resources */ = {isa = PBXBuildFile; fileRef = 8BC2609618ADA97B00268199 /* KLRootViewController.xib */; };
		8BC457BE18B5FDFA001C872E /* IKULoadCell.m in Sources */ = {isa = PBXBuildFile; fileRef = 8BC457BD18B5FDFA001C872E /* IKULoadCell.m */; };
		8BDBA5D218ACB78F004FF930 /* Foundation.framework in Frameworks */ = {isa = PBXBuildFile; fileRef = 8BDBA5D118ACB78F004FF930 /* Foundation.framework */; };
		8BDBA5D418ACB78F004FF930 /* CoreGraphics.framework in Frameworks */ = {isa = PBXBuildFile; fileRef = 8BDBA5D318ACB78F004FF930 /* CoreGraphics.framework */; };
		8BDBA5D618ACB78F004FF930 /* UIKit.framework in Frameworks */ = {isa = PBXBuildFile; fileRef = 8BDBA5D518ACB78F004FF930 /* UIKit.framework */; };
		8BDBA5DC18ACB78F004FF930 /* InfoPlist.strings in Resources */ = {isa = PBXBuildFile; fileRef = 8BDBA5DA18ACB78F004FF930 /* InfoPlist.strings */; };
		8BDBA5DE18ACB78F004FF930 /* main.m in Sources */ = {isa = PBXBuildFile; fileRef = 8BDBA5DD18ACB78F004FF930 /* main.m */; };
		8BDBA5E218ACB78F004FF930 /* KLAppDelegate.m in Sources */ = {isa = PBXBuildFile; fileRef = 8BDBA5E118ACB78F004FF930 /* KLAppDelegate.m */; };
		8BDBA5E418ACB78F004FF930 /* Images.xcassets in Resources */ = {isa = PBXBuildFile; fileRef = 8BDBA5E318ACB78F004FF930 /* Images.xcassets */; };
		8BDBA5EB18ACB78F004FF930 /* XCTest.framework in Frameworks */ = {isa = PBXBuildFile; fileRef = 8BDBA5EA18ACB78F004FF930 /* XCTest.framework */; };
		8BDBA5EC18ACB78F004FF930 /* Foundation.framework in Frameworks */ = {isa = PBXBuildFile; fileRef = 8BDBA5D118ACB78F004FF930 /* Foundation.framework */; };
		8BDBA5ED18ACB78F004FF930 /* UIKit.framework in Frameworks */ = {isa = PBXBuildFile; fileRef = 8BDBA5D518ACB78F004FF930 /* UIKit.framework */; };
		8BDBA5F518ACB78F004FF930 /* InfoPlist.strings in Resources */ = {isa = PBXBuildFile; fileRef = 8BDBA5F318ACB78F004FF930 /* InfoPlist.strings */; };
		8BDBA5F718ACB78F004FF930 /* KLDownloadManageTests.m in Sources */ = {isa = PBXBuildFile; fileRef = 8BDBA5F618ACB78F004FF930 /* KLDownloadManageTests.m */; };
		8BDBA66218ACCBF3004FF930 /* ASIAuthenticationDialog.m in Sources */ = {isa = PBXBuildFile; fileRef = 8BDBA60B18ACCBF3004FF930 /* ASIAuthenticationDialog.m */; settings = {COMPILER_FLAGS = "-fno-objc-arc"; }; };
		8BDBA66318ACCBF3004FF930 /* ASIDataCompressor.m in Sources */ = {isa = PBXBuildFile; fileRef = 8BDBA60E18ACCBF3004FF930 /* ASIDataCompressor.m */; settings = {COMPILER_FLAGS = "-fno-objc-arc"; }; };
		8BDBA66418ACCBF3004FF930 /* ASIDataDecompressor.m in Sources */ = {isa = PBXBuildFile; fileRef = 8BDBA61018ACCBF3004FF930 /* ASIDataDecompressor.m */; settings = {COMPILER_FLAGS = "-fno-objc-arc"; }; };
		8BDBA66518ACCBF3004FF930 /* ASIDownloadCache.m in Sources */ = {isa = PBXBuildFile; fileRef = 8BDBA61218ACCBF3004FF930 /* ASIDownloadCache.m */; settings = {COMPILER_FLAGS = "-fno-objc-arc"; }; };
		8BDBA66618ACCBF3004FF930 /* ASIFormDataRequest.m in Sources */ = {isa = PBXBuildFile; fileRef = 8BDBA61418ACCBF3004FF930 /* ASIFormDataRequest.m */; settings = {COMPILER_FLAGS = "-fno-objc-arc"; }; };
		8BDBA66718ACCBF3004FF930 /* ASIHTTPRequest.m in Sources */ = {isa = PBXBuildFile; fileRef = 8BDBA61618ACCBF3004FF930 /* ASIHTTPRequest.m */; settings = {COMPILER_FLAGS = "-fno-objc-arc"; }; };
		8BDBA66818ACCBF3004FF930 /* ASIInputStream.m in Sources */ = {isa = PBXBuildFile; fileRef = 8BDBA61A18ACCBF3004FF930 /* ASIInputStream.m */; settings = {COMPILER_FLAGS = "-fno-objc-arc"; }; };
		8BDBA66918ACCBF3004FF930 /* ASINetworkQueue.m in Sources */ = {isa = PBXBuildFile; fileRef = 8BDBA61C18ACCBF3004FF930 /* ASINetworkQueue.m */; settings = {COMPILER_FLAGS = "-fno-objc-arc"; }; };
		8BDBA68818ACCBF3004FF930 /* Reachability.m in Sources */ = {isa = PBXBuildFile; fileRef = 8BDBA66118ACCBF3004FF930 /* Reachability.m */; settings = {COMPILER_FLAGS = "-fno-objc-arc"; }; };
/* End PBXBuildFile section */

/* Begin PBXContainerItemProxy section */
		8BDBA5EE18ACB78F004FF930 /* PBXContainerItemProxy */ = {
			isa = PBXContainerItemProxy;
			containerPortal = 8BDBA5C618ACB78E004FF930 /* Project object */;
			proxyType = 1;
			remoteGlobalIDString = 8BDBA5CD18ACB78F004FF930;
			remoteInfo = KLDownloadManage;
		};
/* End PBXContainerItemProxy section */

/* Begin PBXFileReference section */
		8B59ED5418C6F3BF006E7D4A /* KLFileManage.h */ = {isa = PBXFileReference; fileEncoding = 4; lastKnownFileType = sourcecode.c.h; path = KLFileManage.h; sourceTree = "<group>"; };
		8B59ED5518C6F3BF006E7D4A /* KLFileManage.m */ = {isa = PBXFileReference; fileEncoding = 4; lastKnownFileType = sourcecode.c.objc; path = KLFileManage.m; sourceTree = "<group>"; };
		8B5ED4B918BDDC41007E3CE4 /* KLDModel.h */ = {isa = PBXFileReference; fileEncoding = 4; lastKnownFileType = sourcecode.c.h; path = KLDModel.h; sourceTree = "<group>"; };
		8B5ED4BA18BDDC41007E3CE4 /* KLDModel.m */ = {isa = PBXFileReference; fileEncoding = 4; lastKnownFileType = sourcecode.c.objc; path = KLDModel.m; sourceTree = "<group>"; };
		8BA7C71518B4613700805647 /* KLDownloadViewController.h */ = {isa = PBXFileReference; fileEncoding = 4; lastKnownFileType = sourcecode.c.h; path = KLDownloadViewController.h; sourceTree = "<group>"; };
		8BA7C71618B4613700805647 /* KLDownloadViewController.m */ = {isa = PBXFileReference; fileEncoding = 4; lastKnownFileType = sourcecode.c.objc; path = KLDownloadViewController.m; sourceTree = "<group>"; };
		8BA7C71718B4613700805647 /* KLDownloadViewController.xib */ = {isa = PBXFileReference; fileEncoding = 4; lastKnownFileType = file.xib; path = KLDownloadViewController.xib; sourceTree = "<group>"; };
		8BABB47C18C56B0600464215 /* KLDMMacros.h */ = {isa = PBXFileReference; fileEncoding = 4; lastKnownFileType = sourcecode.c.h; path = KLDMMacros.h; sourceTree = "<group>"; };
		8BABB47D18C56B0600464215 /* KLDownloadManage.h */ = {isa = PBXFileReference; fileEncoding = 4; lastKnownFileType = sourcecode.c.h; path = KLDownloadManage.h; sourceTree = "<group>"; };
		8BABB47E18C56B0600464215 /* KLDownloadManage.m */ = {isa = PBXFileReference; fileEncoding = 4; lastKnownFileType = sourcecode.c.objc; path = KLDownloadManage.m; sourceTree = "<group>"; };
		8BABB48118C56B0600464215 /* KLModelBase.h */ = {isa = PBXFileReference; fileEncoding = 4; lastKnownFileType = sourcecode.c.h; path = KLModelBase.h; sourceTree = "<group>"; };
		8BABB48218C56B0600464215 /* KLModelBase.m */ = {isa = PBXFileReference; fileEncoding = 4; lastKnownFileType = sourcecode.c.objc; path = KLModelBase.m; sourceTree = "<group>"; };
		8BABB48418C56B0600464215 /* KLEXTINF.h */ = {isa = PBXFileReference; fileEncoding = 4; lastKnownFileType = sourcecode.c.h; path = KLEXTINF.h; sourceTree = "<group>"; };
		8BABB48518C56B0600464215 /* KLEXTINF.m */ = {isa = PBXFileReference; fileEncoding = 4; lastKnownFileType = sourcecode.c.objc; path = KLEXTINF.m; sourceTree = "<group>"; };
		8BABB48618C56B0600464215 /* KLEXTxKey.h */ = {isa = PBXFileReference; fileEncoding = 4; lastKnownFileType = sourcecode.c.h; path = KLEXTxKey.h; sourceTree = "<group>"; };
		8BABB48718C56B0600464215 /* KLEXTxKey.m */ = {isa = PBXFileReference; fileEncoding = 4; lastKnownFileType = sourcecode.c.objc; path = KLEXTxKey.m; sourceTree = "<group>"; };
		8BABB48818C56B0600464215 /* KLM3U8.h */ = {isa = PBXFileReference; fileEncoding = 4; lastKnownFileType = sourcecode.c.h; path = KLM3U8.h; sourceTree = "<group>"; };
		8BABB48918C56B0600464215 /* KLM3U8.m */ = {isa = PBXFileReference; fileEncoding = 4; lastKnownFileType = sourcecode.c.objc; path = KLM3U8.m; sourceTree = "<group>"; };
		8BC2608B18ADA84900268199 /* CFNetwork.framework */ = {isa = PBXFileReference; lastKnownFileType = wrapper.framework; name = CFNetwork.framework; path = System/Library/Frameworks/CFNetwork.framework; sourceTree = SDKROOT; };
		8BC2608D18ADA88400268199 /* SystemConfiguration.framework */ = {isa = PBXFileReference; lastKnownFileType = wrapper.framework; name = SystemConfiguration.framework; path = System/Library/Frameworks/SystemConfiguration.framework; sourceTree = SDKROOT; };
		8BC2608F18ADA89700268199 /* libz.1.2.5.dylib */ = {isa = PBXFileReference; lastKnownFileType = "compiled.mach-o.dylib"; name = libz.1.2.5.dylib; path = usr/lib/libz.1.2.5.dylib; sourceTree = SDKROOT; };
		8BC2609418ADA97B00268199 /* KLRootViewController.h */ = {isa = PBXFileReference; fileEncoding = 4; lastKnownFileType = sourcecode.c.h; path = KLRootViewController.h; sourceTree = "<group>"; };
		8BC2609518ADA97B00268199 /* KLRootViewController.m */ = {isa = PBXFileReference; fileEncoding = 4; lastKnownFileType = sourcecode.c.objc; path = KLRootViewController.m; sourceTree = "<group>"; };
		8BC2609618ADA97B00268199 /* KLRootViewController.xib */ = {isa = PBXFileReference; fileEncoding = 4; lastKnownFileType = file.xib; path = KLRootViewController.xib; sourceTree = "<group>"; };
		8BC457BC18B5FDFA001C872E /* IKULoadCell.h */ = {isa = PBXFileReference; fileEncoding = 4; lastKnownFileType = sourcecode.c.h; path = IKULoadCell.h; sourceTree = "<group>"; };
		8BC457BD18B5FDFA001C872E /* IKULoadCell.m */ = {isa = PBXFileReference; fileEncoding = 4; lastKnownFileType = sourcecode.c.objc; path = IKULoadCell.m; sourceTree = "<group>"; };
		8BDBA5CE18ACB78F004FF930 /* KLDownloadManage.app */ = {isa = PBXFileReference; explicitFileType = wrapper.application; includeInIndex = 0; path = KLDownloadManage.app; sourceTree = BUILT_PRODUCTS_DIR; };
		8BDBA5D118ACB78F004FF930 /* Foundation.framework */ = {isa = PBXFileReference; lastKnownFileType = wrapper.framework; name = Foundation.framework; path = System/Library/Frameworks/Foundation.framework; sourceTree = SDKROOT; };
		8BDBA5D318ACB78F004FF930 /* CoreGraphics.framework */ = {isa = PBXFileReference; lastKnownFileType = wrapper.framework; name = CoreGraphics.framework; path = System/Library/Frameworks/CoreGraphics.framework; sourceTree = SDKROOT; };
		8BDBA5D518ACB78F004FF930 /* UIKit.framework */ = {isa = PBXFileReference; lastKnownFileType = wrapper.framework; name = UIKit.framework; path = System/Library/Frameworks/UIKit.framework; sourceTree = SDKROOT; };
		8BDBA5D918ACB78F004FF930 /* KLDownloadManage-Info.plist */ = {isa = PBXFileReference; lastKnownFileType = text.plist.xml; path = "KLDownloadManage-Info.plist"; sourceTree = "<group>"; };
		8BDBA5DB18ACB78F004FF930 /* en */ = {isa = PBXFileReference; lastKnownFileType = text.plist.strings; name = en; path = en.lproj/InfoPlist.strings; sourceTree = "<group>"; };
		8BDBA5DD18ACB78F004FF930 /* main.m */ = {isa = PBXFileReference; lastKnownFileType = sourcecode.c.objc; path = main.m; sourceTree = "<group>"; };
		8BDBA5DF18ACB78F004FF930 /* KLDownloadManage-Prefix.pch */ = {isa = PBXFileReference; lastKnownFileType = sourcecode.c.h; path = "KLDownloadManage-Prefix.pch"; sourceTree = "<group>"; };
		8BDBA5E018ACB78F004FF930 /* KLAppDelegate.h */ = {isa = PBXFileReference; lastKnownFileType = sourcecode.c.h; path = KLAppDelegate.h; sourceTree = "<group>"; };
		8BDBA5E118ACB78F004FF930 /* KLAppDelegate.m */ = {isa = PBXFileReference; lastKnownFileType = sourcecode.c.objc; path = KLAppDelegate.m; sourceTree = "<group>"; };
		8BDBA5E318ACB78F004FF930 /* Images.xcassets */ = {isa = PBXFileReference; lastKnownFileType = folder.assetcatalog; path = Images.xcassets; sourceTree = "<group>"; };
		8BDBA5E918ACB78F004FF930 /* KLDownloadManageTests.xctest */ = {isa = PBXFileReference; explicitFileType = wrapper.cfbundle; includeInIndex = 0; path = KLDownloadManageTests.xctest; sourceTree = BUILT_PRODUCTS_DIR; };
		8BDBA5EA18ACB78F004FF930 /* XCTest.framework */ = {isa = PBXFileReference; lastKnownFileType = wrapper.framework; name = XCTest.framework; path = Library/Frameworks/XCTest.framework; sourceTree = DEVELOPER_DIR; };
		8BDBA5F218ACB78F004FF930 /* KLDownloadManageTests-Info.plist */ = {isa = PBXFileReference; lastKnownFileType = text.plist.xml; path = "KLDownloadManageTests-Info.plist"; sourceTree = "<group>"; };
		8BDBA5F418ACB78F004FF930 /* en */ = {isa = PBXFileReference; lastKnownFileType = text.plist.strings; name = en; path = en.lproj/InfoPlist.strings; sourceTree = "<group>"; };
		8BDBA5F618ACB78F004FF930 /* KLDownloadManageTests.m */ = {isa = PBXFileReference; lastKnownFileType = sourcecode.c.objc; path = KLDownloadManageTests.m; sourceTree = "<group>"; };
		8BDBA60A18ACCBF3004FF930 /* ASIAuthenticationDialog.h */ = {isa = PBXFileReference; fileEncoding = 4; lastKnownFileType = sourcecode.c.h; path = ASIAuthenticationDialog.h; sourceTree = "<group>"; };
		8BDBA60B18ACCBF3004FF930 /* ASIAuthenticationDialog.m */ = {isa = PBXFileReference; fileEncoding = 4; lastKnownFileType = sourcecode.c.objc; path = ASIAuthenticationDialog.m; sourceTree = "<group>"; };
		8BDBA60C18ACCBF3004FF930 /* ASICacheDelegate.h */ = {isa = PBXFileReference; fileEncoding = 4; lastKnownFileType = sourcecode.c.h; path = ASICacheDelegate.h; sourceTree = "<group>"; };
		8BDBA60D18ACCBF3004FF930 /* ASIDataCompressor.h */ = {isa = PBXFileReference; fileEncoding = 4; lastKnownFileType = sourcecode.c.h; path = ASIDataCompressor.h; sourceTree = "<group>"; };
		8BDBA60E18ACCBF3004FF930 /* ASIDataCompressor.m */ = {isa = PBXFileReference; fileEncoding = 4; lastKnownFileType = sourcecode.c.objc; path = ASIDataCompressor.m; sourceTree = "<group>"; };
		8BDBA60F18ACCBF3004FF930 /* ASIDataDecompressor.h */ = {isa = PBXFileReference; fileEncoding = 4; lastKnownFileType = sourcecode.c.h; path = ASIDataDecompressor.h; sourceTree = "<group>"; };
		8BDBA61018ACCBF3004FF930 /* ASIDataDecompressor.m */ = {isa = PBXFileReference; fileEncoding = 4; lastKnownFileType = sourcecode.c.objc; path = ASIDataDecompressor.m; sourceTree = "<group>"; };
		8BDBA61118ACCBF3004FF930 /* ASIDownloadCache.h */ = {isa = PBXFileReference; fileEncoding = 4; lastKnownFileType = sourcecode.c.h; path = ASIDownloadCache.h; sourceTree = "<group>"; };
		8BDBA61218ACCBF3004FF930 /* ASIDownloadCache.m */ = {isa = PBXFileReference; fileEncoding = 4; lastKnownFileType = sourcecode.c.objc; path = ASIDownloadCache.m; sourceTree = "<group>"; };
		8BDBA61318ACCBF3004FF930 /* ASIFormDataRequest.h */ = {isa = PBXFileReference; fileEncoding = 4; lastKnownFileType = sourcecode.c.h; path = ASIFormDataRequest.h; sourceTree = "<group>"; };
		8BDBA61418ACCBF3004FF930 /* ASIFormDataRequest.m */ = {isa = PBXFileReference; fileEncoding = 4; lastKnownFileType = sourcecode.c.objc; path = ASIFormDataRequest.m; sourceTree = "<group>"; };
		8BDBA61518ACCBF3004FF930 /* ASIHTTPRequest.h */ = {isa = PBXFileReference; fileEncoding = 4; lastKnownFileType = sourcecode.c.h; path = ASIHTTPRequest.h; sourceTree = "<group>"; };
		8BDBA61618ACCBF3004FF930 /* ASIHTTPRequest.m */ = {isa = PBXFileReference; fileEncoding = 4; lastKnownFileType = sourcecode.c.objc; path = ASIHTTPRequest.m; sourceTree = "<group>"; };
		8BDBA61718ACCBF3004FF930 /* ASIHTTPRequestConfig.h */ = {isa = PBXFileReference; fileEncoding = 4; lastKnownFileType = sourcecode.c.h; path = ASIHTTPRequestConfig.h; sourceTree = "<group>"; };
		8BDBA61818ACCBF3004FF930 /* ASIHTTPRequestDelegate.h */ = {isa = PBXFileReference; fileEncoding = 4; lastKnownFileType = sourcecode.c.h; path = ASIHTTPRequestDelegate.h; sourceTree = "<group>"; };
		8BDBA61918ACCBF3004FF930 /* ASIInputStream.h */ = {isa = PBXFileReference; fileEncoding = 4; lastKnownFileType = sourcecode.c.h; path = ASIInputStream.h; sourceTree = "<group>"; };
		8BDBA61A18ACCBF3004FF930 /* ASIInputStream.m */ = {isa = PBXFileReference; fileEncoding = 4; lastKnownFileType = sourcecode.c.objc; path = ASIInputStream.m; sourceTree = "<group>"; };
		8BDBA61B18ACCBF3004FF930 /* ASINetworkQueue.h */ = {isa = PBXFileReference; fileEncoding = 4; lastKnownFileType = sourcecode.c.h; path = ASINetworkQueue.h; sourceTree = "<group>"; };
		8BDBA61C18ACCBF3004FF930 /* ASINetworkQueue.m */ = {isa = PBXFileReference; fileEncoding = 4; lastKnownFileType = sourcecode.c.objc; path = ASINetworkQueue.m; sourceTree = "<group>"; };
		8BDBA61D18ACCBF3004FF930 /* ASIProgressDelegate.h */ = {isa = PBXFileReference; fileEncoding = 4; lastKnownFileType = sourcecode.c.h; path = ASIProgressDelegate.h; sourceTree = "<group>"; };
		8BDBA66018ACCBF3004FF930 /* Reachability.h */ = {isa = PBXFileReference; fileEncoding = 4; lastKnownFileType = sourcecode.c.h; path = Reachability.h; sourceTree = "<group>"; };
		8BDBA66118ACCBF3004FF930 /* Reachability.m */ = {isa = PBXFileReference; fileEncoding = 4; lastKnownFileType = sourcecode.c.objc; path = Reachability.m; sourceTree = "<group>"; };
/* End PBXFileReference section */

/* Begin PBXFrameworksBuildPhase section */
		8BDBA5CB18ACB78F004FF930 /* Frameworks */ = {
			isa = PBXFrameworksBuildPhase;
			buildActionMask = 2147483647;
			files = (
				8BC2609018ADA89700268199 /* libz.1.2.5.dylib in Frameworks */,
				8BDBA5D418ACB78F004FF930 /* CoreGraphics.framework in Frameworks */,
				8BDBA5D618ACB78F004FF930 /* UIKit.framework in Frameworks */,
				8BDBA5D218ACB78F004FF930 /* Foundation.framework in Frameworks */,
			);
			runOnlyForDeploymentPostprocessing = 0;
		};
		8BDBA5E618ACB78F004FF930 /* Frameworks */ = {
			isa = PBXFrameworksBuildPhase;
			buildActionMask = 2147483647;
			files = (
				8BDBA5EB18ACB78F004FF930 /* XCTest.framework in Frameworks */,
				8BDBA5ED18ACB78F004FF930 /* UIKit.framework in Frameworks */,
				8BDBA5EC18ACB78F004FF930 /* Foundation.framework in Frameworks */,
			);
			runOnlyForDeploymentPostprocessing = 0;
		};
/* End PBXFrameworksBuildPhase section */

/* Begin PBXGroup section */
		8B59ED5318C6F3A2006E7D4A /* KLPublic */ = {
			isa = PBXGroup;
			children = (
				8B59ED5418C6F3BF006E7D4A /* KLFileManage.h */,
				8B59ED5518C6F3BF006E7D4A /* KLFileManage.m */,
			);
			path = KLPublic;
			sourceTree = SOURCE_ROOT;
		};
		8BA7C71418B2FB3D00805647 /* Classes */ = {
			isa = PBXGroup;
			children = (
				8B5ED4B918BDDC41007E3CE4 /* KLDModel.h */,
				8B5ED4BA18BDDC41007E3CE4 /* KLDModel.m */,
				8BC2609418ADA97B00268199 /* KLRootViewController.h */,
				8BC2609518ADA97B00268199 /* KLRootViewController.m */,
				8BC2609618ADA97B00268199 /* KLRootViewController.xib */,
				8BA7C71518B4613700805647 /* KLDownloadViewController.h */,
				8BA7C71618B4613700805647 /* KLDownloadViewController.m */,
				8BA7C71718B4613700805647 /* KLDownloadViewController.xib */,
				8BC457BC18B5FDFA001C872E /* IKULoadCell.h */,
				8BC457BD18B5FDFA001C872E /* IKULoadCell.m */,
			);
			name = Classes;
			sourceTree = "<group>";
		};
		8BABB47B18C56B0600464215 /* DownloadManage */ = {
			isa = PBXGroup;
			children = (
				8BABB47C18C56B0600464215 /* KLDMMacros.h */,
				8BABB47D18C56B0600464215 /* KLDownloadManage.h */,
				8BABB47E18C56B0600464215 /* KLDownloadManage.m */,
				8BABB48118C56B0600464215 /* KLModelBase.h */,
				8BABB48218C56B0600464215 /* KLModelBase.m */,
				8BABB48318C56B0600464215 /* m3u8 */,
			);
			path = DownloadManage;
			sourceTree = SOURCE_ROOT;
		};
		8BABB48318C56B0600464215 /* m3u8 */ = {
			isa = PBXGroup;
			children = (
				8BABB48418C56B0600464215 /* KLEXTINF.h */,
				8BABB48518C56B0600464215 /* KLEXTINF.m */,
				8BABB48618C56B0600464215 /* KLEXTxKey.h */,
				8BABB48718C56B0600464215 /* KLEXTxKey.m */,
				8BABB48818C56B0600464215 /* KLM3U8.h */,
				8BABB48918C56B0600464215 /* KLM3U8.m */,
			);
			path = m3u8;
			sourceTree = "<group>";
		};
		8BDBA5C518ACB78E004FF930 = {
			isa = PBXGroup;
			children = (
				8BDBA5D718ACB78F004FF930 /* KLDownloadManage */,
				8BDBA5F018ACB78F004FF930 /* KLDownloadManageTests */,
				8BDBA5D018ACB78F004FF930 /* Frameworks */,
				8BDBA5CF18ACB78F004FF930 /* Products */,
			);
			sourceTree = "<group>";
		};
		8BDBA5CF18ACB78F004FF930 /* Products */ = {
			isa = PBXGroup;
			children = (
				8BDBA5CE18ACB78F004FF930 /* KLDownloadManage.app */,
				8BDBA5E918ACB78F004FF930 /* KLDownloadManageTests.xctest */,
			);
			name = Products;
			sourceTree = "<group>";
		};
		8BDBA5D018ACB78F004FF930 /* Frameworks */ = {
			isa = PBXGroup;
			children = (
				8BC2608F18ADA89700268199 /* libz.1.2.5.dylib */,
				8BC2608D18ADA88400268199 /* SystemConfiguration.framework */,
				8BC2608B18ADA84900268199 /* CFNetwork.framework */,
				8BDBA5D118ACB78F004FF930 /* Foundation.framework */,
				8BDBA5D318ACB78F004FF930 /* CoreGraphics.framework */,
				8BDBA5D518ACB78F004FF930 /* UIKit.framework */,
				8BDBA5EA18ACB78F004FF930 /* XCTest.framework */,
			);
			name = Frameworks;
			sourceTree = "<group>";
		};
		8BDBA5D718ACB78F004FF930 /* KLDownloadManage */ = {
			isa = PBXGroup;
			children = (
				8B59ED5318C6F3A2006E7D4A /* KLPublic */,
				8BABB47B18C56B0600464215 /* DownloadManage */,
				8BDBA60818ACCBF3004FF930 /* asi-http-request */,
				8BDBA5E018ACB78F004FF930 /* KLAppDelegate.h */,
				8BDBA5E118ACB78F004FF930 /* KLAppDelegate.m */,
				8BA7C71418B2FB3D00805647 /* Classes */,
				8BDBA5E318ACB78F004FF930 /* Images.xcassets */,
				8BDBA5D818ACB78F004FF930 /* Supporting Files */,
			);
			path = KLDownloadManage;
			sourceTree = "<group>";
		};
		8BDBA5D818ACB78F004FF930 /* Supporting Files */ = {
			isa = PBXGroup;
			children = (
				8BDBA5D918ACB78F004FF930 /* KLDownloadManage-Info.plist */,
				8BDBA5DA18ACB78F004FF930 /* InfoPlist.strings */,
				8BDBA5DD18ACB78F004FF930 /* main.m */,
				8BDBA5DF18ACB78F004FF930 /* KLDownloadManage-Prefix.pch */,
			);
			name = "Supporting Files";
			sourceTree = "<group>";
		};
		8BDBA5F018ACB78F004FF930 /* KLDownloadManageTests */ = {
			isa = PBXGroup;
			children = (
				8BDBA5F618ACB78F004FF930 /* KLDownloadManageTests.m */,
				8BDBA5F118ACB78F004FF930 /* Supporting Files */,
			);
			path = KLDownloadManageTests;
			sourceTree = "<group>";
		};
		8BDBA5F118ACB78F004FF930 /* Supporting Files */ = {
			isa = PBXGroup;
			children = (
				8BDBA5F218ACB78F004FF930 /* KLDownloadManageTests-Info.plist */,
				8BDBA5F318ACB78F004FF930 /* InfoPlist.strings */,
			);
			name = "Supporting Files";
			sourceTree = "<group>";
		};
		8BDBA60818ACCBF3004FF930 /* asi-http-request */ = {
			isa = PBXGroup;
			children = (
				8BDBA60918ACCBF3004FF930 /* Classes */,
				8BDBA65C18ACCBF3004FF930 /* External */,
			);
			path = "asi-http-request";
			sourceTree = "<group>";
		};
		8BDBA60918ACCBF3004FF930 /* Classes */ = {
			isa = PBXGroup;
			children = (
				8BDBA60A18ACCBF3004FF930 /* ASIAuthenticationDialog.h */,
				8BDBA60B18ACCBF3004FF930 /* ASIAuthenticationDialog.m */,
				8BDBA60C18ACCBF3004FF930 /* ASICacheDelegate.h */,
				8BDBA60D18ACCBF3004FF930 /* ASIDataCompressor.h */,
				8BDBA60E18ACCBF3004FF930 /* ASIDataCompressor.m */,
				8BDBA60F18ACCBF3004FF930 /* ASIDataDecompressor.h */,
				8BDBA61018ACCBF3004FF930 /* ASIDataDecompressor.m */,
				8BDBA61118ACCBF3004FF930 /* ASIDownloadCache.h */,
				8BDBA61218ACCBF3004FF930 /* ASIDownloadCache.m */,
				8BDBA61318ACCBF3004FF930 /* ASIFormDataRequest.h */,
				8BDBA61418ACCBF3004FF930 /* ASIFormDataRequest.m */,
				8BDBA61518ACCBF3004FF930 /* ASIHTTPRequest.h */,
				8BDBA61618ACCBF3004FF930 /* ASIHTTPRequest.m */,
				8BDBA61718ACCBF3004FF930 /* ASIHTTPRequestConfig.h */,
				8BDBA61818ACCBF3004FF930 /* ASIHTTPRequestDelegate.h */,
				8BDBA61918ACCBF3004FF930 /* ASIInputStream.h */,
				8BDBA61A18ACCBF3004FF930 /* ASIInputStream.m */,
				8BDBA61B18ACCBF3004FF930 /* ASINetworkQueue.h */,
				8BDBA61C18ACCBF3004FF930 /* ASINetworkQueue.m */,
				8BDBA61D18ACCBF3004FF930 /* ASIProgressDelegate.h */,
			);
			path = Classes;
			sourceTree = "<group>";
		};
		8BDBA65C18ACCBF3004FF930 /* External */ = {
			isa = PBXGroup;
			children = (
				8BDBA65F18ACCBF3004FF930 /* Reachability */,
			);
			path = External;
			sourceTree = "<group>";
		};
		8BDBA65F18ACCBF3004FF930 /* Reachability */ = {
			isa = PBXGroup;
			children = (
				8BDBA66018ACCBF3004FF930 /* Reachability.h */,
				8BDBA66118ACCBF3004FF930 /* Reachability.m */,
			);
			path = Reachability;
			sourceTree = "<group>";
		};
/* End PBXGroup section */

/* Begin PBXNativeTarget section */
		8BDBA5CD18ACB78F004FF930 /* KLDownloadManage */ = {
			isa = PBXNativeTarget;
			buildConfigurationList = 8BDBA5FA18ACB78F004FF930 /* Build configuration list for PBXNativeTarget "KLDownloadManage" */;
			buildPhases = (
				8BDBA5CA18ACB78F004FF930 /* Sources */,
				8BDBA5CB18ACB78F004FF930 /* Frameworks */,
				8BDBA5CC18ACB78F004FF930 /* Resources */,
			);
			buildRules = (
			);
			dependencies = (
			);
			name = KLDownloadManage;
			productName = KLDownloadManage;
			productReference = 8BDBA5CE18ACB78F004FF930 /* KLDownloadManage.app */;
			productType = "com.apple.product-type.application";
		};
		8BDBA5E818ACB78F004FF930 /* KLDownloadManageTests */ = {
			isa = PBXNativeTarget;
			buildConfigurationList = 8BDBA5FD18ACB78F004FF930 /* Build configuration list for PBXNativeTarget "KLDownloadManageTests" */;
			buildPhases = (
				8BDBA5E518ACB78F004FF930 /* Sources */,
				8BDBA5E618ACB78F004FF930 /* Frameworks */,
				8BDBA5E718ACB78F004FF930 /* Resources */,
			);
			buildRules = (
			);
			dependencies = (
				8BDBA5EF18ACB78F004FF930 /* PBXTargetDependency */,
			);
			name = KLDownloadManageTests;
			productName = KLDownloadManageTests;
			productReference = 8BDBA5E918ACB78F004FF930 /* KLDownloadManageTests.xctest */;
			productType = "com.apple.product-type.bundle.unit-test";
		};
/* End PBXNativeTarget section */

/* Begin PBXProject section */
		8BDBA5C618ACB78E004FF930 /* Project object */ = {
			isa = PBXProject;
			attributes = {
				CLASSPREFIX = KL;
				LastUpgradeCheck = 0500;
				ORGANIZATIONNAME = Glen;
				TargetAttributes = {
					8BDBA5E818ACB78F004FF930 = {
						TestTargetID = 8BDBA5CD18ACB78F004FF930;
					};
				};
			};
			buildConfigurationList = 8BDBA5C918ACB78E004FF930 /* Build configuration list for PBXProject "KLDownloadManage" */;
			compatibilityVersion = "Xcode 3.2";
			developmentRegion = English;
			hasScannedForEncodings = 0;
			knownRegions = (
				en,
			);
			mainGroup = 8BDBA5C518ACB78E004FF930;
			productRefGroup = 8BDBA5CF18ACB78F004FF930 /* Products */;
			projectDirPath = "";
			projectRoot = "";
			targets = (
				8BDBA5CD18ACB78F004FF930 /* KLDownloadManage */,
				8BDBA5E818ACB78F004FF930 /* KLDownloadManageTests */,
			);
		};
/* End PBXProject section */

/* Begin PBXResourcesBuildPhase section */
		8BDBA5CC18ACB78F004FF930 /* Resources */ = {
			isa = PBXResourcesBuildPhase;
			buildActionMask = 2147483647;
			files = (
				8BC2609818ADA97B00268199 /* KLRootViewController.xib in Resources */,
				8BDBA5DC18ACB78F004FF930 /* InfoPlist.strings in Resources */,
				8BDBA5E418ACB78F004FF930 /* Images.xcassets in Resources */,
				8BA7C71918B4613700805647 /* KLDownloadViewController.xib in Resources */,
			);
			runOnlyForDeploymentPostprocessing = 0;
		};
		8BDBA5E718ACB78F004FF930 /* Resources */ = {
			isa = PBXResourcesBuildPhase;
			buildActionMask = 2147483647;
			files = (
				8BDBA5F518ACB78F004FF930 /* InfoPlist.strings in Resources */,
			);
			runOnlyForDeploymentPostprocessing = 0;
		};
/* End PBXResourcesBuildPhase section */

/* Begin PBXSourcesBuildPhase section */
		8BDBA5CA18ACB78F004FF930 /* Sources */ = {
			isa = PBXSourcesBuildPhase;
			buildActionMask = 2147483647;
			files = (
				8BA7C71818B4613700805647 /* KLDownloadViewController.m in Sources */,
				8BABB48C18C56B0600464215 /* KLModelBase.m in Sources */,
				8BDBA66318ACCBF3004FF930 /* ASIDataCompressor.m in Sources */,
				8BABB48D18C56B0600464215 /* KLEXTINF.m in Sources */,
				8BC457BE18B5FDFA001C872E /* IKULoadCell.m in Sources */,
				8BDBA5DE18ACB78F004FF930 /* main.m in Sources */,
				8BDBA66218ACCBF3004FF930 /* ASIAuthenticationDialog.m in Sources */,
				8BABB48F18C56B0600464215 /* KLM3U8.m in Sources */,
				8BABB48A18C56B0600464215 /* KLDownloadManage.m in Sources */,
				8BDBA68818ACCBF3004FF930 /* Reachability.m in Sources */,
				8BDBA66618ACCBF3004FF930 /* ASIFormDataRequest.m in Sources */,
				8BDBA66418ACCBF3004FF930 /* ASIDataDecompressor.m in Sources */,
				8BDBA66818ACCBF3004FF930 /* ASIInputStream.m in Sources */,
				8BDBA66918ACCBF3004FF930 /* ASINetworkQueue.m in Sources */,
				8BDBA66718ACCBF3004FF930 /* ASIHTTPRequest.m in Sources */,
				8BC2609718ADA97B00268199 /* KLRootViewController.m in Sources */,
				8B59ED5618C6F3BF006E7D4A /* KLFileManage.m in Sources */,
				8B5ED4BB18BDDC41007E3CE4 /* KLDModel.m in Sources */,
				8BDBA66518ACCBF3004FF930 /* ASIDownloadCache.m in Sources */,
				8BDBA5E218ACB78F004FF930 /* KLAppDelegate.m in Sources */,
				8BABB48E18C56B0600464215 /* KLEXTxKey.m in Sources */,
			);
			runOnlyForDeploymentPostprocessing = 0;
		};
		8BDBA5E518ACB78F004FF930 /* Sources */ = {
			isa = PBXSourcesBuildPhase;
			buildActionMask = 2147483647;
			files = (
				8BDBA5F718ACB78F004FF930 /* KLDownloadManageTests.m in Sources */,
			);
			runOnlyForDeploymentPostprocessing = 0;
		};
/* End PBXSourcesBuildPhase section */

/* Begin PBXTargetDependency section */
		8BDBA5EF18ACB78F004FF930 /* PBXTargetDependency */ = {
			isa = PBXTargetDependency;
			target = 8BDBA5CD18ACB78F004FF930 /* KLDownloadManage */;
			targetProxy = 8BDBA5EE18ACB78F004FF930 /* PBXContainerItemProxy */;
		};
/* End PBXTargetDependency section */

/* Begin PBXVariantGroup section */
		8BDBA5DA18ACB78F004FF930 /* InfoPlist.strings */ = {
			isa = PBXVariantGroup;
			children = (
				8BDBA5DB18ACB78F004FF930 /* en */,
			);
			name = InfoPlist.strings;
			sourceTree = "<group>";
		};
		8BDBA5F318ACB78F004FF930 /* InfoPlist.strings */ = {
			isa = PBXVariantGroup;
			children = (
				8BDBA5F418ACB78F004FF930 /* en */,
			);
			name = InfoPlist.strings;
			sourceTree = "<group>";
		};
/* End PBXVariantGroup section */

/* Begin XCBuildConfiguration section */
		8BDBA5F818ACB78F004FF930 /* Debug */ = {
			isa = XCBuildConfiguration;
			buildSettings = {
				ALWAYS_SEARCH_USER_PATHS = NO;
				ARCHS = "$(ARCHS_STANDARD_INCLUDING_64_BIT)";
				CLANG_CXX_LANGUAGE_STANDARD = "gnu++0x";
				CLANG_CXX_LIBRARY = "libc++";
				CLANG_ENABLE_MODULES = YES;
				CLANG_ENABLE_OBJC_ARC = YES;
				CLANG_WARN_BOOL_CONVERSION = YES;
				CLANG_WARN_CONSTANT_CONVERSION = YES;
				CLANG_WARN_DIRECT_OBJC_ISA_USAGE = YES_ERROR;
				CLANG_WARN_EMPTY_BODY = YES;
				CLANG_WARN_ENUM_CONVERSION = YES;
				CLANG_WARN_INT_CONVERSION = YES;
				CLANG_WARN_OBJC_ROOT_CLASS = YES_ERROR;
				CLANG_WARN__DUPLICATE_METHOD_MATCH = YES;
				"CODE_SIGN_IDENTITY[sdk=iphoneos*]" = "iPhone Developer";
				COPY_PHASE_STRIP = NO;
				GCC_C_LANGUAGE_STANDARD = gnu99;
				GCC_DYNAMIC_NO_PIC = NO;
				GCC_OPTIMIZATION_LEVEL = 0;
				GCC_PREPROCESSOR_DEFINITIONS = (
					"DEBUG=1",
					"$(inherited)",
				);
				GCC_SYMBOLS_PRIVATE_EXTERN = NO;
				GCC_WARN_64_TO_32_BIT_CONVERSION = YES;
				GCC_WARN_ABOUT_RETURN_TYPE = YES_ERROR;
				GCC_WARN_UNDECLARED_SELECTOR = YES;
				GCC_WARN_UNINITIALIZED_AUTOS = YES;
				GCC_WARN_UNUSED_FUNCTION = YES;
				GCC_WARN_UNUSED_VARIABLE = YES;
				IPHONEOS_DEPLOYMENT_TARGET = 7.0;
				ONLY_ACTIVE_ARCH = YES;
				SDKROOT = iphoneos;
			};
			name = Debug;
		};
		8BDBA5F918ACB78F004FF930 /* Release */ = {
			isa = XCBuildConfiguration;
			buildSettings = {
				ALWAYS_SEARCH_USER_PATHS = NO;
				ARCHS = "$(ARCHS_STANDARD_INCLUDING_64_BIT)";
				CLANG_CXX_LANGUAGE_STANDARD = "gnu++0x";
				CLANG_CXX_LIBRARY = "libc++";
				CLANG_ENABLE_MODULES = YES;
				CLANG_ENABLE_OBJC_ARC = YES;
				CLANG_WARN_BOOL_CONVERSION = YES;
				CLANG_WARN_CONSTANT_CONVERSION = YES;
				CLANG_WARN_DIRECT_OBJC_ISA_USAGE = YES_ERROR;
				CLANG_WARN_EMPTY_BODY = YES;
				CLANG_WARN_ENUM_CONVERSION = YES;
				CLANG_WARN_INT_CONVERSION = YES;
				CLANG_WARN_OBJC_ROOT_CLASS = YES_ERROR;
				CLANG_WARN__DUPLICATE_METHOD_MATCH = YES;
				"CODE_SIGN_IDENTITY[sdk=iphoneos*]" = "iPhone Developer";
				COPY_PHASE_STRIP = YES;
				ENABLE_NS_ASSERTIONS = NO;
				GCC_C_LANGUAGE_STANDARD = gnu99;
				GCC_WARN_64_TO_32_BIT_CONVERSION = YES;
				GCC_WARN_ABOUT_RETURN_TYPE = YES_ERROR;
				GCC_WARN_UNDECLARED_SELECTOR = YES;
				GCC_WARN_UNINITIALIZED_AUTOS = YES;
				GCC_WARN_UNUSED_FUNCTION = YES;
				GCC_WARN_UNUSED_VARIABLE = YES;
				IPHONEOS_DEPLOYMENT_TARGET = 7.0;
				SDKROOT = iphoneos;
				VALIDATE_PRODUCT = YES;
			};
			name = Release;
		};
		8BDBA5FB18ACB78F004FF930 /* Debug */ = {
			isa = XCBuildConfiguration;
			buildSettings = {
				ASSETCATALOG_COMPILER_APPICON_NAME = AppIcon;
				ASSETCATALOG_COMPILER_LAUNCHIMAGE_NAME = LaunchImage;
				CLANG_ENABLE_OBJC_ARC = NO;
				GCC_PRECOMPILE_PREFIX_HEADER = YES;
				GCC_PREFIX_HEADER = "KLDownloadManage/KLDownloadManage-Prefix.pch";
				HEADER_SEARCH_PATHS = (
					"$(inherited)",
					/Applications/Xcode.app/Contents/Developer/Toolchains/XcodeDefault.xctoolchain/usr/include,
				);
				INFOPLIST_FILE = "KLDownloadManage/KLDownloadManage-Info.plist";
				IPHONEOS_DEPLOYMENT_TARGET = 6.1;
				PRODUCT_NAME = "$(TARGET_NAME)";
				WRAPPER_EXTENSION = app;
			};
			name = Debug;
		};
		8BDBA5FC18ACB78F004FF930 /* Release */ = {
			isa = XCBuildConfiguration;
			buildSettings = {
				ASSETCATALOG_COMPILER_APPICON_NAME = AppIcon;
				ASSETCATALOG_COMPILER_LAUNCHIMAGE_NAME = LaunchImage;
				CLANG_ENABLE_OBJC_ARC = NO;
				GCC_PRECOMPILE_PREFIX_HEADER = YES;
				GCC_PREFIX_HEADER = "KLDownloadManage/KLDownloadManage-Prefix.pch";
				HEADER_SEARCH_PATHS = (
					"$(inherited)",
					/Applications/Xcode.app/Contents/Developer/Toolchains/XcodeDefault.xctoolchain/usr/include,
				);
				INFOPLIST_FILE = "KLDownloadManage/KLDownloadManage-Info.plist";
				IPHONEOS_DEPLOYMENT_TARGET = 6.1;
				PRODUCT_NAME = "$(TARGET_NAME)";
				WRAPPER_EXTENSION = app;
			};
			name = Release;
		};
		8BDBA5FE18ACB78F004FF930 /* Debug */ = {
			isa = XCBuildConfiguration;
			buildSettings = {
				ARCHS = "$(ARCHS_STANDARD_INCLUDING_64_BIT)";
				BUNDLE_LOADER = "$(BUILT_PRODUCTS_DIR)/KLDownloadManage.app/KLDownloadManage";
				FRAMEWORK_SEARCH_PATHS = (
					"$(SDKROOT)/Developer/Library/Frameworks",
					"$(inherited)",
					"$(DEVELOPER_FRAMEWORKS_DIR)",
				);
				GCC_PRECOMPILE_PREFIX_HEADER = YES;
				GCC_PREFIX_HEADER = "KLDownloadManage/KLDownloadManage-Prefix.pch";
				GCC_PREPROCESSOR_DEFINITIONS = (
					"DEBUG=1",
					"$(inherited)",
				);
				INFOPLIST_FILE = "KLDownloadManageTests/KLDownloadManageTests-Info.plist";
				PRODUCT_NAME = "$(TARGET_NAME)";
				TEST_HOST = "$(BUNDLE_LOADER)";
				WRAPPER_EXTENSION = xctest;
			};
			name = Debug;
		};
		8BDBA5FF18ACB78F004FF930 /* Release */ = {
			isa = XCBuildConfiguration;
			buildSettings = {
				ARCHS = "$(ARCHS_STANDARD_INCLUDING_64_BIT)";
				BUNDLE_LOADER = "$(BUILT_PRODUCTS_DIR)/KLDownloadManage.app/KLDownloadManage";
				FRAMEWORK_SEARCH_PATHS = (
					"$(SDKROOT)/Developer/Library/Frameworks",
					"$(inherited)",
					"$(DEVELOPER_FRAMEWORKS_DIR)",
				);
				GCC_PRECOMPILE_PREFIX_HEADER = YES;
				GCC_PREFIX_HEADER = "KLDownloadManage/KLDownloadManage-Prefix.pch";
				INFOPLIST_FILE = "KLDownloadManageTests/KLDownloadManageTests-Info.plist";
				PRODUCT_NAME = "$(TARGET_NAME)";
				TEST_HOST = "$(BUNDLE_LOADER)";
				WRAPPER_EXTENSION = xctest;
			};
			name = Release;
		};
/* End XCBuildConfiguration section */

/* Begin XCConfigurationList section */
		8BDBA5C918ACB78E004FF930 /* Build configuration list for PBXProject "KLDownloadManage" */ = {
			isa = XCConfigurationList;
			buildConfigurations = (
				8BDBA5F818ACB78F004FF930 /* Debug */,
				8BDBA5F918ACB78F004FF930 /* Release */,
			);
			defaultConfigurationIsVisible = 0;
			defaultConfigurationName = Release;
		};
		8BDBA5FA18ACB78F004FF930 /* Build configuration list for PBXNativeTarget "KLDownloadManage" */ = {
			isa = XCConfigurationList;
			buildConfigurations = (
				8BDBA5FB18ACB78F004FF930 /* Debug */,
				8BDBA5FC18ACB78F004FF930 /* Release */,
			);
			defaultConfigurationIsVisible = 0;
			defaultConfigurationName = Release;
		};
		8BDBA5FD18ACB78F004FF930 /* Build configuration list for PBXNativeTarget "KLDownloadManageTests" */ = {
			isa = XCConfigurationList;
			buildConfigurations = (
				8BDBA5FE18ACB78F004FF930 /* Debug */,
				8BDBA5FF18ACB78F004FF930 /* Release */,
			);
			defaultConfigurationIsVisible = 0;
			defaultConfigurationName = Release;
		};
/* End XCConfigurationList section */
	};
	rootObject = 8BDBA5C618ACB78E004FF930 /* Project object */;
}
